<?xml version="1.0" encoding="utf-8"?>
<Project ToolsVersion="4.0" xmlns="http://schemas.microsoft.com/developer/msbuild/2003">
  <ItemGroup>
    <Filter Include="Test">
      <UniqueIdentifier>{0a69644b-1808-4b89-8fa1-f5f055334155}</UniqueIdentifier>
    </Filter>
    <Filter Include="DataGen">
      <UniqueIdentifier>{5de6654e-598f-4402-872e-3b1a1a08a892}</UniqueIdentifier>
    </Filter>
  </ItemGroup>
  <ItemGroup>
    <ClCompile Include="..\..\SRC\Codejam2016.A.cpp" />
    <ClCompile Include="..\..\SRC\Codejam2016.B.cpp" />
    <ClCompile Include="..\..\SRC\Codejam2016.C.cpp" />
    <ClCompile Include="..\..\SRC\Codejam2016.D.cpp" />
    <ClCompile Include="..\..\SRC\Codejam2016.dummy.cpp" />
    <ClCompile Include="..\..\SRC\Codejam2016.E.cpp" />
    <ClCompile Include="..\..\SRC\Codejam2016.F.cpp" />
    <ClCompile Include="..\..\SRC\Codejam2016.G.cpp" />
    <ClCompile Include="..\..\SRC\Codejam2016.H.cpp" />
    <ClCompile Include="..\..\SRC\icpc2015_2.1006.ans.cpp" />
    <ClCompile Include="..\..\SRC\icpc2015_2.1010.ans.cpp" />
    <ClCompile Include="..\..\SRC\icpc2015_2.1012.2.cpp" />
    <ClCompile Include="..\..\SRC\icpc2015_2.1012.ans.cpp" />
    <ClCompile Include="..\..\SRC\icpc2015_2.1012.cpp" />
    <ClCompile Include="..\..\SRC\bnu1.1005.cpp" />
    <ClCompile Include="..\..\SRC\ccpc2016.1002.cpp" />
    <ClCompile Include="..\..\SRC\ccpc2016.1004.cpp" />
    <ClCompile Include="..\..\SRC\ccpc2016.1007.cpp" />
    <ClCompile Include="..\..\SRC\ccpc2016.1011.cpp" />
    <ClCompile Include="..\..\SRC\ccpc2016hangzhou.1001.ans.cpp" />
    <ClCompile Include="..\..\SRC\ccpc2016hangzhou.1001.cpp" />
    <ClCompile Include="..\..\SRC\ccpc2016hangzhou.1002.cpp" />
    <ClCompile Include="..\..\SRC\ccpc2016hangzhou.1003.cpp" />
    <ClCompile Include="..\..\SRC\ccpc2016hangzhou.1011.cpp" />
    <ClCompile Include="..\..\SRC\ccpc2016hefei.a.cpp" />
    <ClCompile Include="..\..\SRC\ccpc2016hefei.i.cpp" />
    <ClCompile Include="..\..\SRC\gq1.1002.cpp" />
    <ClCompile Include="..\..\SRC\gq3.1006.cpp" />
    <ClCompile Include="..\..\SRC\gq4.1004.cpp" />
    <ClCompile Include="..\..\SRC\gq4.1010.cpp" />
    <ClCompile Include="..\..\SRC\gq6.1004.cpp" />
    <ClCompile Include="..\..\SRC\gq8.1002.cpp" />
    <ClCompile Include="..\..\SRC\gq8.1005.cpp" />
    <ClCompile Include="..\..\SRC\gq8.1009.cpp" />
    <ClCompile Include="..\..\SRC\gq8.1011.cpp" />
    <ClCompile Include="..\..\SRC\hdu1097.cpp" />
    <ClCompile Include="..\..\SRC\hdu4858.cpp" />
    <ClCompile Include="..\..\SRC\hdu4858.link.cpp" />
    <ClCompile Include="..\..\SRC\hhu1.1001.cpp" />
    <ClCompile Include="..\..\SRC\hhu1.1002.cpp" />
    <ClCompile Include="..\..\SRC\hhu1.1003.cpp" />
    <ClCompile Include="..\..\SRC\hhu1.1004.cpp" />
    <ClCompile Include="..\..\SRC\hhu1.1005.cpp" />
    <ClCompile Include="..\..\SRC\hhu2.1001.cpp" />
    <ClCompile Include="..\..\SRC\hhu2.1002.cpp" />
    <ClCompile Include="..\..\SRC\hhu2.1003.cpp" />
    <ClCompile Include="..\..\SRC\hhu2.1005.cpp" />
    <ClCompile Include="..\..\SRC\hhu3.1001.cpp" />
    <ClCompile Include="..\..\SRC\hhu3.1002.cpp" />
    <ClCompile Include="..\..\SRC\hhu3.1003.cpp" />
    <ClCompile Include="..\..\SRC\hhu3.1004.cpp" />
    <ClCompile Include="..\..\SRC\hhu3.1005.cpp" />
    <ClCompile Include="..\..\SRC\hhu4.1001.cpp" />
    <ClCompile Include="..\..\SRC\hhu4.1002.cpp" />
    <ClCompile Include="..\..\SRC\hhu4.1003.cpp" />
    <ClCompile Include="..\..\SRC\hhu4.1005.cpp" />
    <ClCompile Include="..\..\SRC\hhu5.1001.cpp" />
    <ClCompile Include="..\..\SRC\hhu5.1002.cpp" />
    <ClCompile Include="..\..\SRC\hhu5.1003.cpp" />
    <ClCompile Include="..\..\SRC\hhu5.1004.cpp" />
    <ClCompile Include="..\..\SRC\hhu5.1005.cpp" />
    <ClCompile Include="..\..\SRC\hhut1.1001.cpp" />
    <ClCompile Include="..\..\SRC\hhut1.1002.cpp" />
    <ClCompile Include="..\..\SRC\hhut1.1003.cpp" />
    <ClCompile Include="..\..\SRC\hhut1.1004.cpp" />
    <ClCompile Include="..\..\SRC\hhut1.1005.cpp" />
    <ClCompile Include="..\..\SRC\icpc1.1006.cpp" />
    <ClCompile Include="..\..\SRC\icpc1.1007.cpp" />
    <ClCompile Include="..\..\SRC\icpc1.1009.cpp" />
    <ClCompile Include="..\..\SRC\icpc1.1010.cpp" />
    <ClCompile Include="..\..\SRC\icpc2.1001.cpp" />
    <ClCompile Include="..\..\SRC\icpc2.1002.cpp" />
    <ClCompile Include="..\..\SRC\icpc2.1006.cpp" />
    <ClCompile Include="..\..\SRC\icpc2.1007.cpp" />
    <ClCompile Include="..\..\SRC\icpc2.1011.ans.cpp" />
    <ClCompile Include="..\..\SRC\icpc2.1011.correct.cpp" />
    <ClCompile Include="..\..\SRC\icpc2.1011.cpp" />
    <ClCompile Include="..\..\SRC\icpc2.1011.m.cpp" />
    <ClCompile Include="..\..\SRC\icpc3.1002.cpp" />
    <ClCompile Include="..\..\SRC\icpc3.1003.cpp" />
    <ClCompile Include="..\..\SRC\icpc3.1007.cpp" />
    <ClCompile Include="..\..\SRC\icpc3.1009.cpp" />
    <ClCompile Include="..\..\SRC\icpc3.1010.cpp" />
    <ClCompile Include="..\..\SRC\icpc3.1011.cpp" />
    <ClCompile Include="..\..\SRC\icpc4.1001.cpp" />
    <ClCompile Include="..\..\SRC\icpc4.1006.cpp" />
    <ClCompile Include="..\..\SRC\icpc4.1010.ans.cpp" />
    <ClCompile Include="..\..\SRC\icpc4.1010.correct.cpp" />
    <ClCompile Include="..\..\SRC\icpc4.1010.cpp" />
    <ClCompile Include="..\..\SRC\icpc4.1010.m.cpp" />
    <ClCompile Include="..\..\SRC\icpc2015hangzhou.1001.cpp" />
    <ClCompile Include="..\..\SRC\icpc2015hangzhou.1003.cpp" />
    <ClCompile Include="..\..\SRC\icpc2015hangzhou.1009.cpp" />
    <ClCompile Include="..\..\SRC\icpc2015hangzhou.1010.cpp" />
    <ClCompile Include="..\..\SRC\icpc2016shenyang.1005.ans1.cpp" />
    <ClCompile Include="..\..\SRC\icpc2016shenyang.1005.ans2.cpp" />
    <ClCompile Include="..\..\SRC\icpc2016shenyang.1005.ans3.cpp" />
    <ClCompile Include="..\..\SRC\icpc2016shenyang.1005.correct.cpp" />
    <ClCompile Include="..\..\SRC\icpc2016shenyang.1005.cpp" />
    <ClCompile Include="..\..\SRC\leet.3.cpp" />
    <ClCompile Include="..\..\SRC\llb1.1001.cpp" />
    <ClCompile Include="..\..\SRC\multi2.1001.cpp" />
    <ClCompile Include="..\..\SRC\multi2.1003.cpp" />
    <ClCompile Include="..\..\SRC\multi2.1009.cpp" />
    <ClCompile Include="..\..\SRC\multi2.1011.cpp" />
    <ClCompile Include="..\..\SRC\multi2.1012.cpp" />
    <ClCompile Include="..\..\SRC\multi3.1001.cpp" />
    <ClCompile Include="..\..\SRC\multi3.1002.cpp" />
    <ClCompile Include="..\..\SRC\multi3.1011.cpp" />
    <ClCompile Include="..\..\SRC\multi3.1011.old.cpp" />
    <ClCompile Include="..\..\SRC\multi4.1011.cpp" />
    <ClCompile Include="..\..\SRC\multi4.1012.cpp" />
    <ClCompile Include="..\..\SRC\multi5.1003.cpp" />
    <ClCompile Include="..\..\SRC\multi5.1012.cpp" />
    <ClCompile Include="..\..\SRC\multi5.1012.m.cpp" />
    <ClCompile Include="..\..\SRC\multi6.1001.cpp" />
    <ClCompile Include="..\..\SRC\multi6.1003.cpp" />
    <ClCompile Include="..\..\SRC\multi6.1010.cpp" />
    <ClCompile Include="..\..\SRC\multi9.1012.cpp" />
    <ClCompile Include="..\..\SRC\multi10.1001.cpp" />
    <ClCompile Include="..\..\SRC\multi10.1002.cpp" />
    <ClCompile Include="..\..\SRC\njust2016.A.cpp" />
    <ClCompile Include="..\..\SRC\njust2016.B.cpp" />
    <ClCompile Include="..\..\SRC\njust2016.C.cpp" />
    <ClCompile Include="..\..\SRC\njust2016.D.cpp" />
    <ClCompile Include="..\..\SRC\njust2016.dummy.cpp" />
    <ClCompile Include="..\..\SRC\njust2016.E.cpp" />
    <ClCompile Include="..\..\SRC\njust2016.F.cpp" />
    <ClCompile Include="..\..\SRC\njust2016.G.cpp" />
    <ClCompile Include="..\..\SRC\njust2016.H.cpp" />
    <ClCompile Include="..\..\SRC\noj1119.cpp" />
    <ClCompile Include="..\..\SRC\test_pq.cpp" />
    <ClCompile Include="..\..\SRC\test_vector.cpp" />
    <ClCompile Include="..\..\SRC\time.cpp" />
    <ClCompile Include="..\..\SRC\zna.cpp" />
    <ClCompile Include="..\..\SRC\icpc2015_3.A.ans.cpp" />
    <ClCompile Include="..\..\SRC\cf.665f.cpp" />
    <ClCompile Include="..\..\SRC\icpc2015_3.H.ans.cpp" />
    <ClCompile Include="..\..\SRC\icpc2015_3.E.cpp" />
    <ClCompile Include="..\..\SRC\icpc2015_3.H.cpp" />
    <ClCompile Include="..\..\SRC\icpc2015_3.H1.cpp" />
    <ClCompile Include="..\..\SRC\test_link.cpp" />
    <ClCompile Include="..\..\SRC\icpc2015_3.A.cpp" />
    <ClCompile Include="..\..\SRC\poj1088.cpp" />
    <ClCompile Include="..\..\SRC\poj1037.ans.cpp" />
    <ClCompile Include="..\..\SRC\poj1037.cpp" />
    <ClCompile Include="..\..\SRC\poj1037.m.cpp" />
    <ClCompile Include="..\..\SRC\poj1037.correct.cpp" />
    <ClCompile Include="..\..\SRC\poj1037.test_ans.cpp" />
    <ClCompile Include="..\..\SRC\ccpc2016hefei.i.m.cpp" />
    <ClCompile Include="..\..\SRC\ccpc2016hefei.e.cpp" />
    <ClCompile Include="..\..\SRC\test_next_permutation.cpp" />
    <ClCompile Include="..\..\SRC\hdu5695.cpp" />
    <ClCompile Include="..\..\SRC\hdu4857.ans.cpp" />
    <ClCompile Include="..\..\SRC\hdu5695.correct.cpp" />
    <ClCompile Include="..\..\SRC\ccpc2016hefei.e.ans.cpp" />
    <ClCompile Include="..\..\SRC\hdu4857.cpp" />
    <ClCompile Include="..\..\SRC\hdu5074.cpp" />
    <ClCompile Include="..\..\SRC\hdu5584.cpp" />
    <ClCompile Include="..\..\SRC\hdu5704.correct.cpp" />
    <ClCompile Include="..\..\SRC\hdu5092.cpp" />
    <ClCompile Include="..\..\SRC\hdu5092.ans.cpp" />
    <ClCompile Include="..\..\SRC\hhu2016_contest.A.cpp" />
    <ClCompile Include="..\..\SRC\poj3624.cpp" />
    <ClCompile Include="..\..\SRC\hhu2016_contest.B.cpp" />
    <ClCompile Include="..\..\SRC\poj1458.cpp" />
    <ClCompile Include="..\..\SRC\hhu2016_contest_B.TLE.cpp" />
    <ClCompile Include="..\..\SRC\hhu2016_contest.A.MLE.cpp" />
    <ClCompile Include="..\..\SRC\hhu5.1003.Hopcroft.cpp" />
    <ClCompile Include="..\..\SRC\test_template.cpp" />
    <ClCompile Include="..\..\SRC\hdu1599.cpp" />
    <ClCompile Include="..\..\SRC\hdu1599.ans.cpp" />
    <ClCompile Include="..\..\SRC\hdu1599.m.cpp" />
    <ClCompile Include="..\..\SRC\hhu2015.1.1005.cpp" />
    <ClCompile Include="..\..\SRC\hhu2015.2.1000.cpp" />
    <ClCompile Include="..\..\SRC\hhu2015.2.1001.cpp" />
    <ClCompile Include="..\..\SRC\hhu2015.2.1002.cpp" />
    <ClCompile Include="..\..\SRC\hhu2015.2.1004.cpp" />
    <ClCompile Include="..\..\SRC\hhu2015.2.1003.cpp" />
    <ClCompile Include="..\..\SRC\hhu2015.2.1004.m.cpp" />
    <ClCompile Include="..\..\SRC\hhu2016_contest.C.cpp" />
    <ClCompile Include="..\..\SRC\vjudge14074.cpp" />
    <ClCompile Include="..\..\SRC\hhu2016_contest.D.cpp" />
    <ClCompile Include="..\..\SRC\hhu2016_contest.E.cpp" />
    <ClCompile Include="..\..\SRC\hdu1506.cpp" />
    <ClCompile Include="..\..\SRC\test_template.2.cpp" />
  </ItemGroup>
  <ItemGroup>
    <ClInclude Include="..\..\SRC\fuch.h" />
  </ItemGroup>
</Project>